
Microsoft Visual Studio Solution File, Format Version 12.00
# Visual Studio Version 17
VisualStudioVersion = 17.4.32804.182
MinimumVisualStudioVersion = 10.0.40219.1
Project("{9A19103F-16F7-4668-BE54-9A1E7A4F7556}") = "BaGet", "src\BaGet\BaGet.csproj", "{284366CB-C68F-473E-908A-50A382616AE0}"
EndProject
Project("{9A19103F-16F7-4668-BE54-9A1E7A4F7556}") = "BaGet.Core", "src\BaGet.Core\BaGet.Core.csproj", "{FFFACD28-C300-4046-BCFE-4A7899E88EA3}"
EndProject
Project("{9A19103F-16F7-4668-BE54-9A1E7A4F7556}") = "BaGet.Azure", "src\BaGet.Azure\BaGet.Azure.csproj", "{716C970D-9614-4265-AC92-57E8B227B98E}"
EndProject
Project("{9A19103F-16F7-4668-BE54-9A1E7A4F7556}") = "BaGet.Core.Tests", "tests\BaGet.Core.Tests\BaGet.Core.Tests.csproj", "{89AB1AE2-6CAA-4809-8B74-D78CBE00B049}"
EndProject
Project("{9A19103F-16F7-4668-BE54-9A1E7A4F7556}") = "BaGet.Tests", "tests\BaGet.Tests\BaGet.Tests.csproj", "{892A7A82-4283-4315-B7E5-6D5B70543000}"
EndProject
Project("{2150E333-8FDC-42A3-9474-1A3956D46DE8}") = "src", "src", "{26A0B557-53FB-4B9A-94C4-BCCF1BDCB0CC}"
EndProject
Project("{2150E333-8FDC-42A3-9474-1A3956D46DE8}") = "tests", "tests", "{C237857D-AD8E-4C52-974F-6A8155BB0C18}"
EndProject
Project("{9A19103F-16F7-4668-BE54-9A1E7A4F7556}") = "BaGet.Protocol", "src\BaGet.Protocol\BaGet.Protocol.csproj", "{A2D23427-9278-4D52-B31F-759212252832}"
EndProject
Project("{9A19103F-16F7-4668-BE54-9A1E7A4F7556}") = "BaGet.Protocol.Tests", "tests\BaGet.Protocol.Tests\BaGet.Protocol.Tests.csproj", "{AC764A9A-9EAF-422B-9223-D3290C3CFD79}"
EndProject
Project("{9A19103F-16F7-4668-BE54-9A1E7A4F7556}") = "BaGet.Aws", "src\BaGet.Aws\BaGet.Aws.csproj", "{D067D82E-D515-44D1-A832-C79F29418DFC}"
EndProject
Project("{2150E333-8FDC-42A3-9474-1A3956D46DE8}") = "Solution Items", "Solution Items", "{0B44364D-952B-497A-82E0-C9AAE94E0369}"
	ProjectSection(SolutionItems) = preProject
		src\Directory.Build.props = src\Directory.Build.props
		nuget.config = nuget.config
	EndProjectSection
EndProject
Project("{9A19103F-16F7-4668-BE54-9A1E7A4F7556}") = "BaGet.Web", "src\BaGet.Web\BaGet.Web.csproj", "{D68B56AC-98DD-4DA7-B4F8-1243538A8A5C}"
EndProject
Project("{9A19103F-16F7-4668-BE54-9A1E7A4F7556}") = "BaGet.Database.Sqlite", "src\BaGet.Database.Sqlite\BaGet.Database.Sqlite.csproj", "{EC5E6B2C-2494-40E8-8682-080BA580DDA7}"
EndProject
Project("{9A19103F-16F7-4668-BE54-9A1E7A4F7556}") = "BaGet.Database.SqlServer", "src\BaGet.Database.SqlServer\BaGet.Database.SqlServer.csproj", "{4C513AFC-BA7B-471D-B8F6-268E7AD2074C}"
EndProject
Project("{9A19103F-16F7-4668-BE54-9A1E7A4F7556}") = "BaGet.Database.MySql", "src\BaGet.Database.MySql\BaGet.Database.MySql.csproj", "{A4375529-E855-4D46-AA4F-B3FE630C3DE1}"
EndProject
Project("{9A19103F-16F7-4668-BE54-9A1E7A4F7556}") = "BaGet.Database.PostgreSql", "src\BaGet.Database.PostgreSql\BaGet.Database.PostgreSql.csproj", "{F48F201A-4DEE-4D5B-9C0B-59490FE942FA}"
EndProject
Project("{9A19103F-16F7-4668-BE54-9A1E7A4F7556}") = "BaGet.Gcp", "src\BaGet.Gcp\BaGet.Gcp.csproj", "{D7D60BA0-FF7F-4B37-815C-74D487C5176E}"
EndProject
Project("{2150E333-8FDC-42A3-9474-1A3956D46DE8}") = "samples", "samples", "{DDEC0736-8169-4834-815E-B78E7CE612A4}"
EndProject
Project("{9A19103F-16F7-4668-BE54-9A1E7A4F7556}") = "BaGet.Protocol.Samples.Tests", "samples\BaGet.Protocol.Samples.Tests\BaGet.Protocol.Samples.Tests.csproj", "{16B0D424-BB2F-4C0C-90B0-4F7955326ADF}"
EndProject
Project("{9A19103F-16F7-4668-BE54-9A1E7A4F7556}") = "BaGet.Aliyun", "src\BaGet.Aliyun\BaGet.Aliyun.csproj", "{9F7C4F38-D598-42D9-A9F8-962490483B18}"
EndProject
Project("{9A19103F-16F7-4668-BE54-9A1E7A4F7556}") = "BaGetWebApplication", "samples\BaGetWebApplication\BaGetWebApplication.csproj", "{E5AFE55D-0932-46A9-BFA3-C8A034037377}"
EndProject
Project("{9A19103F-16F7-4668-BE54-9A1E7A4F7556}") = "BaGet.Web.Tests", "tests\BaGet.Web.Tests\BaGet.Web.Tests.csproj", "{BEEAAA73-36CD-4178-9C9F-6D036586E7BF}"
EndProject
Global
	GlobalSection(SolutionConfigurationPlatforms) = preSolution
		Debug|Any CPU = Debug|Any CPU
		Release|Any CPU = Release|Any CPU
	EndGlobalSection
	GlobalSection(ProjectConfigurationPlatforms) = postSolution
		{284366CB-C68F-473E-908A-50A382616AE0}.Debug|Any CPU.ActiveCfg = Debug|Any CPU
		{284366CB-C68F-473E-908A-50A382616AE0}.Debug|Any CPU.Build.0 = Debug|Any CPU
		{284366CB-C68F-473E-908A-50A382616AE0}.Release|Any CPU.ActiveCfg = Release|Any CPU
		{284366CB-C68F-473E-908A-50A382616AE0}.Release|Any CPU.Build.0 = Release|Any CPU
		{FFFACD28-C300-4046-BCFE-4A7899E88EA3}.Debug|Any CPU.ActiveCfg = Debug|Any CPU
		{FFFACD28-C300-4046-BCFE-4A7899E88EA3}.Debug|Any CPU.Build.0 = Debug|Any CPU
		{FFFACD28-C300-4046-BCFE-4A7899E88EA3}.Release|Any CPU.ActiveCfg = Release|Any CPU
		{FFFACD28-C300-4046-BCFE-4A7899E88EA3}.Release|Any CPU.Build.0 = Release|Any CPU
		{716C970D-9614-4265-AC92-57E8B227B98E}.Debug|Any CPU.ActiveCfg = Debug|Any CPU
		{716C970D-9614-4265-AC92-57E8B227B98E}.Debug|Any CPU.Build.0 = Debug|Any CPU
		{716C970D-9614-4265-AC92-57E8B227B98E}.Release|Any CPU.ActiveCfg = Release|Any CPU
		{716C970D-9614-4265-AC92-57E8B227B98E}.Release|Any CPU.Build.0 = Release|Any CPU
		{89AB1AE2-6CAA-4809-8B74-D78CBE00B049}.Debug|Any CPU.ActiveCfg = Debug|Any CPU
		{89AB1AE2-6CAA-4809-8B74-D78CBE00B049}.Debug|Any CPU.Build.0 = Debug|Any CPU
		{89AB1AE2-6CAA-4809-8B74-D78CBE00B049}.Release|Any CPU.ActiveCfg = Release|Any CPU
		{89AB1AE2-6CAA-4809-8B74-D78CBE00B049}.Release|Any CPU.Build.0 = Release|Any CPU
		{892A7A82-4283-4315-B7E5-6D5B70543000}.Debug|Any CPU.ActiveCfg = Debug|Any CPU
		{892A7A82-4283-4315-B7E5-6D5B70543000}.Debug|Any CPU.Build.0 = Debug|Any CPU
		{892A7A82-4283-4315-B7E5-6D5B70543000}.Release|Any CPU.ActiveCfg = Release|Any CPU
		{892A7A82-4283-4315-B7E5-6D5B70543000}.Release|Any CPU.Build.0 = Release|Any CPU
		{A2D23427-9278-4D52-B31F-759212252832}.Debug|Any CPU.ActiveCfg = Debug|Any CPU
		{A2D23427-9278-4D52-B31F-759212252832}.Debug|Any CPU.Build.0 = Debug|Any CPU
		{A2D23427-9278-4D52-B31F-759212252832}.Release|Any CPU.ActiveCfg = Release|Any CPU
		{A2D23427-9278-4D52-B31F-759212252832}.Release|Any CPU.Build.0 = Release|Any CPU
		{AC764A9A-9EAF-422B-9223-D3290C3CFD79}.Debug|Any CPU.ActiveCfg = Debug|Any CPU
		{AC764A9A-9EAF-422B-9223-D3290C3CFD79}.Debug|Any CPU.Build.0 = Debug|Any CPU
		{AC764A9A-9EAF-422B-9223-D3290C3CFD79}.Release|Any CPU.ActiveCfg = Release|Any CPU
		{AC764A9A-9EAF-422B-9223-D3290C3CFD79}.Release|Any CPU.Build.0 = Release|Any CPU
		{D067D82E-D515-44D1-A832-C79F29418DFC}.Debug|Any CPU.ActiveCfg = Debug|Any CPU
		{D067D82E-D515-44D1-A832-C79F29418DFC}.Debug|Any CPU.Build.0 = Debug|Any CPU
		{D067D82E-D515-44D1-A832-C79F29418DFC}.Release|Any CPU.ActiveCfg = Release|Any CPU
		{D067D82E-D515-44D1-A832-C79F29418DFC}.Release|Any CPU.Build.0 = Release|Any CPU
		{D68B56AC-98DD-4DA7-B4F8-1243538A8A5C}.Debug|Any CPU.ActiveCfg = Debug|Any CPU
		{D68B56AC-98DD-4DA7-B4F8-1243538A8A5C}.Debug|Any CPU.Build.0 = Debug|Any CPU
		{D68B56AC-98DD-4DA7-B4F8-1243538A8A5C}.Release|Any CPU.ActiveCfg = Release|Any CPU
		{D68B56AC-98DD-4DA7-B4F8-1243538A8A5C}.Release|Any CPU.Build.0 = Release|Any CPU
		{EC5E6B2C-2494-40E8-8682-080BA580DDA7}.Debug|Any CPU.ActiveCfg = Debug|Any CPU
		{EC5E6B2C-2494-40E8-8682-080BA580DDA7}.Debug|Any CPU.Build.0 = Debug|Any CPU
		{EC5E6B2C-2494-40E8-8682-080BA580DDA7}.Release|Any CPU.ActiveCfg = Release|Any CPU
		{EC5E6B2C-2494-40E8-8682-080BA580DDA7}.Release|Any CPU.Build.0 = Release|Any CPU
		{4C513AFC-BA7B-471D-B8F6-268E7AD2074C}.Debug|Any CPU.ActiveCfg = Debug|Any CPU
		{4C513AFC-BA7B-471D-B8F6-268E7AD2074C}.Debug|Any CPU.Build.0 = Debug|Any CPU
		{4C513AFC-BA7B-471D-B8F6-268E7AD2074C}.Release|Any CPU.ActiveCfg = Release|Any CPU
		{4C513AFC-BA7B-471D-B8F6-268E7AD2074C}.Release|Any CPU.Build.0 = Release|Any CPU
		{A4375529-E855-4D46-AA4F-B3FE630C3DE1}.Debug|Any CPU.ActiveCfg = Debug|Any CPU
		{A4375529-E855-4D46-AA4F-B3FE630C3DE1}.Debug|Any CPU.Build.0 = Debug|Any CPU
		{A4375529-E855-4D46-AA4F-B3FE630C3DE1}.Release|Any CPU.ActiveCfg = Release|Any CPU
		{A4375529-E855-4D46-AA4F-B3FE630C3DE1}.Release|Any CPU.Build.0 = Release|Any CPU
		{F48F201A-4DEE-4D5B-9C0B-59490FE942FA}.Debug|Any CPU.ActiveCfg = Debug|Any CPU
		{F48F201A-4DEE-4D5B-9C0B-59490FE942FA}.Debug|Any CPU.Build.0 = Debug|Any CPU
		{F48F201A-4DEE-4D5B-9C0B-59490FE942FA}.Release|Any CPU.ActiveCfg = Release|Any CPU
		{F48F201A-4DEE-4D5B-9C0B-59490FE942FA}.Release|Any CPU.Build.0 = Release|Any CPU
		{D7D60BA0-FF7F-4B37-815C-74D487C5176E}.Debug|Any CPU.ActiveCfg = Debug|Any CPU
		{D7D60BA0-FF7F-4B37-815C-74D487C5176E}.Debug|Any CPU.Build.0 = Debug|Any CPU
		{D7D60BA0-FF7F-4B37-815C-74D487C5176E}.Release|Any CPU.ActiveCfg = Release|Any CPU
		{D7D60BA0-FF7F-4B37-815C-74D487C5176E}.Release|Any CPU.Build.0 = Release|Any CPU
		{16B0D424-BB2F-4C0C-90B0-4F7955326ADF}.Debug|Any CPU.ActiveCfg = Debug|Any CPU
		{16B0D424-BB2F-4C0C-90B0-4F7955326ADF}.Debug|Any CPU.Build.0 = Debug|Any CPU
		{16B0D424-BB2F-4C0C-90B0-4F7955326ADF}.Release|Any CPU.ActiveCfg = Release|Any CPU
		{16B0D424-BB2F-4C0C-90B0-4F7955326ADF}.Release|Any CPU.Build.0 = Release|Any CPU
		{9F7C4F38-D598-42D9-A9F8-962490483B18}.Debug|Any CPU.ActiveCfg = Debug|Any CPU
		{9F7C4F38-D598-42D9-A9F8-962490483B18}.Debug|Any CPU.Build.0 = Debug|Any CPU
		{9F7C4F38-D598-42D9-A9F8-962490483B18}.Release|Any CPU.ActiveCfg = Release|Any CPU
		{9F7C4F38-D598-42D9-A9F8-962490483B18}.Release|Any CPU.Build.0 = Release|Any CPU
		{E5AFE55D-0932-46A9-BFA3-C8A034037377}.Debug|Any CPU.ActiveCfg = Debug|Any CPU
		{E5AFE55D-0932-46A9-BFA3-C8A034037377}.Debug|Any CPU.Build.0 = Debug|Any CPU
		{E5AFE55D-0932-46A9-BFA3-C8A034037377}.Release|Any CPU.ActiveCfg = Release|Any CPU
		{E5AFE55D-0932-46A9-BFA3-C8A034037377}.Release|Any CPU.Build.0 = Release|Any CPU
		{BEEAAA73-36CD-4178-9C9F-6D036586E7BF}.Debug|Any CPU.ActiveCfg = Debug|Any CPU
		{BEEAAA73-36CD-4178-9C9F-6D036586E7BF}.Debug|Any CPU.Build.0 = Debug|Any CPU
		{BEEAAA73-36CD-4178-9C9F-6D036586E7BF}.Release|Any CPU.ActiveCfg = Release|Any CPU
		{BEEAAA73-36CD-4178-9C9F-6D036586E7BF}.Release|Any CPU.Build.0 = Release|Any CPU
	EndGlobalSection
	GlobalSection(SolutionProperties) = preSolution
		HideSolutionNode = FALSE
	EndGlobalSection
	GlobalSection(NestedProjects) = preSolution
		{284366CB-C68F-473E-908A-50A382616AE0} = {26A0B557-53FB-4B9A-94C4-BCCF1BDCB0CC}
		{FFFACD28-C300-4046-BCFE-4A7899E88EA3} = {26A0B557-53FB-4B9A-94C4-BCCF1BDCB0CC}
		{716C970D-9614-4265-AC92-57E8B227B98E} = {26A0B557-53FB-4B9A-94C4-BCCF1BDCB0CC}
		{89AB1AE2-6CAA-4809-8B74-D78CBE00B049} = {C237857D-AD8E-4C52-974F-6A8155BB0C18}
		{892A7A82-4283-4315-B7E5-6D5B70543000} = {C237857D-AD8E-4C52-974F-6A8155BB0C18}
		{A2D23427-9278-4D52-B31F-759212252832} = {26A0B557-53FB-4B9A-94C4-BCCF1BDCB0CC}
		{AC764A9A-9EAF-422B-9223-D3290C3CFD79} = {C237857D-AD8E-4C52-974F-6A8155BB0C18}
		{D067D82E-D515-44D1-A832-C79F29418DFC} = {26A0B557-53FB-4B9A-94C4-BCCF1BDCB0CC}
		{D68B56AC-98DD-4DA7-B4F8-1243538A8A5C} = {26A0B557-53FB-4B9A-94C4-BCCF1BDCB0CC}
		{EC5E6B2C-2494-40E8-8682-080BA580DDA7} = {26A0B557-53FB-4B9A-94C4-BCCF1BDCB0CC}
		{4C513AFC-BA7B-471D-B8F6-268E7AD2074C} = {26A0B557-53FB-4B9A-94C4-BCCF1BDCB0CC}
		{A4375529-E855-4D46-AA4F-B3FE630C3DE1} = {26A0B557-53FB-4B9A-94C4-BCCF1BDCB0CC}
		{F48F201A-4DEE-4D5B-9C0B-59490FE942FA} = {26A0B557-53FB-4B9A-94C4-BCCF1BDCB0CC}
		{D7D60BA0-FF7F-4B37-815C-74D487C5176E} = {26A0B557-53FB-4B9A-94C4-BCCF1BDCB0CC}
		{16B0D424-BB2F-4C0C-90B0-4F7955326ADF} = {DDEC0736-8169-4834-815E-B78E7CE612A4}
		{9F7C4F38-D598-42D9-A9F8-962490483B18} = {26A0B557-53FB-4B9A-94C4-BCCF1BDCB0CC}
		{E5AFE55D-0932-46A9-BFA3-C8A034037377} = {DDEC0736-8169-4834-815E-B78E7CE612A4}
		{BEEAAA73-36CD-4178-9C9F-6D036586E7BF} = {C237857D-AD8E-4C52-974F-6A8155BB0C18}
	EndGlobalSection
	GlobalSection(ExtensibilityGlobals) = postSolution
		SolutionGuid = {1423C027-2C90-417F-8629-2A4CF107C055}
	EndGlobalSection
EndGlobal
