
Microsoft Visual Studio Solution File, Format Version 12.00
# Visual Studio Version 17
VisualStudioVersion = 17.3.32901.215
MinimumVisualStudioVersion = 10.0.40219.1
Project("{9A19103F-16F7-4668-BE54-9A1E7A4F7556}") = "BaGet", "src\BaGet\BaGet.csproj", "{284366CB-C68F-473E-908A-50A382616AE0}"
EndProject
Project("{9A19103F-16F7-4668-BE54-9A1E7A4F7556}") = "BaGet.Core", "src\BaGet.Core\BaGet.Core.csproj", "{FFFACD28-C300-4046-BCFE-4A7899E88EA3}"
EndProject
Project("{9A19103F-16F7-4668-BE54-9A1E7A4F7556}") = "BaGet.Azure", "src\BaGet.Azure\BaGet.Azure.csproj", "{716C970D-9614-4265-AC92-57E8B227B98E}"
EndProject
Project("{2150E333-8FDC-42A3-9474-1A3956D46DE8}") = "src", "src", "{26A0B557-53FB-4B9A-94C4-BCCF1BDCB0CC}"
EndProject
Project("{9A19103F-16F7-4668-BE54-9A1E7A4F7556}") = "BaGet.Protocol", "src\BaGet.Protocol\BaGet.Protocol.csproj", "{A2D23427-9278-4D52-B31F-759212252832}"
EndProject
Project("{9A19103F-16F7-4668-BE54-9A1E7A4F7556}") = "BaGet.Aws", "src\BaGet.Aws\BaGet.Aws.csproj", "{D067D82E-D515-44D1-A832-C79F29418DFC}"
EndProject
Project("{2150E333-8FDC-42A3-9474-1A3956D46DE8}") = "Solution Items", "Solution Items", "{0B44364D-952B-497A-82E0-C9AAE94E0369}"
	ProjectSection(SolutionItems) = preProject
		.editorconfig = .editorconfig
		src\Directory.Build.props = src\Directory.Build.props
		nuget.config = nuget.config
	EndProjectSection
EndProject
Project("{9A19103F-16F7-4668-BE54-9A1E7A4F7556}") = "BaGet.Web", "src\BaGet.Web\BaGet.Web.csproj", "{D68B56AC-98DD-4DA7-B4F8-1243538A8A5C}"
EndProject
Project("{9A19103F-16F7-4668-BE54-9A1E7A4F7556}") = "BaGet.Database.Sqlite", "src\BaGet.Database.Sqlite\BaGet.Database.Sqlite.csproj", "{EC5E6B2C-2494-40E8-8682-080BA580DDA7}"
EndProject
Project("{9A19103F-16F7-4668-BE54-9A1E7A4F7556}") = "BaGet.Database.SqlServer", "src\BaGet.Database.SqlServer\BaGet.Database.SqlServer.csproj", "{4C513AFC-BA7B-471D-B8F6-268E7AD2074C}"
EndProject
Project("{9A19103F-16F7-4668-BE54-9A1E7A4F7556}") = "BaGet.Database.MySql", "src\BaGet.Database.MySql\BaGet.Database.MySql.csproj", "{A4375529-E855-4D46-AA4F-B3FE630C3DE1}"
EndProject
Project("{9A19103F-16F7-4668-BE54-9A1E7A4F7556}") = "BaGet.Database.PostgreSql", "src\BaGet.Database.PostgreSql\BaGet.Database.PostgreSql.csproj", "{F48F201A-4DEE-4D5B-9C0B-59490FE942FA}"
EndProject
Project("{9A19103F-16F7-4668-BE54-9A1E7A4F7556}") = "BaGet.Gcp", "src\BaGet.Gcp\BaGet.Gcp.csproj", "{D7D60BA0-FF7F-4B37-815C-74D487C5176E}"
EndProject
Project("{9A19103F-16F7-4668-BE54-9A1E7A4F7556}") = "BaGet.Aliyun", "src\BaGet.Aliyun\BaGet.Aliyun.csproj", "{9F7C4F38-D598-42D9-A9F8-962490483B18}"
EndProject
Project("{2150E333-8FDC-42A3-9474-1A3956D46DE8}") = "tests", "tests", "{0A12E9F0-9D23-4776-8E96-B4CC22713D6A}"
EndProject
Project("{9A19103F-16F7-4668-BE54-9A1E7A4F7556}") = "BaGet.Core.Tests", "tests\BaGet.Core.Tests\BaGet.Core.Tests.csproj", "{1C6F5EE0-21EB-4BC8-9042-0A65E25E55AF}"
EndProject
Project("{9A19103F-16F7-4668-BE54-9A1E7A4F7556}") = "BaGet.Protocol.Tests", "tests\BaGet.Protocol.Tests\BaGet.Protocol.Tests.csproj", "{16E6180B-71FE-4461-BAB0-ADB5F25510D3}"
EndProject
Project("{9A19103F-16F7-4668-BE54-9A1E7A4F7556}") = "BaGet.Tests", "tests\BaGet.Tests\BaGet.Tests.csproj", "{ED20C29C-2A70-4E2F-A413-913EE7BA1AD7}"
EndProject
Project("{9A19103F-16F7-4668-BE54-9A1E7A4F7556}") = "BaGet.Web.Tests", "tests\BaGet.Web.Tests\BaGet.Web.Tests.csproj", "{09D16E5A-05A9-4BA6-834C-656AB97E01F7}"
EndProject
Project("{2150E333-8FDC-42A3-9474-1A3956D46DE8}") = "samples", "samples", "{06912F97-88CD-4EA4-B9FA-C0815E60FEBD}"
	ProjectSection(SolutionItems) = preProject
		samples\BaGet.Protocol.Samples.Tests\BaGet.Protocol.Samples.Tests.csproj = samples\BaGet.Protocol.Samples.Tests\BaGet.Protocol.Samples.Tests.csproj
	EndProjectSection
EndProject
Project("{9A19103F-16F7-4668-BE54-9A1E7A4F7556}") = "BaGetWebApplication", "samples\BaGetWebApplication\BaGetWebApplication.csproj", "{295E3622-BF19-48B5-8FA3-1AE0DF532C08}"
EndProject
Global
	GlobalSection(SolutionConfigurationPlatforms) = preSolution
		Debug|Any CPU = Debug|Any CPU
		Release|Any CPU = Release|Any CPU
	EndGlobalSection
	GlobalSection(ProjectConfigurationPlatforms) = postSolution
		{284366CB-C68F-473E-908A-50A382616AE0}.Debug|Any CPU.ActiveCfg = Debug|Any CPU
		{284366CB-C68F-473E-908A-50A382616AE0}.Debug|Any CPU.Build.0 = Debug|Any CPU
		{284366CB-C68F-473E-908A-50A382616AE0}.Release|Any CPU.ActiveCfg = Release|Any CPU
		{284366CB-C68F-473E-908A-50A382616AE0}.Release|Any CPU.Build.0 = Release|Any CPU
		{FFFACD28-C300-4046-BCFE-4A7899E88EA3}.Debug|Any CPU.ActiveCfg = Debug|Any CPU
		{FFFACD28-C300-4046-BCFE-4A7899E88EA3}.Debug|Any CPU.Build.0 = Debug|Any CPU
		{FFFACD28-C300-4046-BCFE-4A7899E88EA3}.Release|Any CPU.ActiveCfg = Release|Any CPU
		{FFFACD28-C300-4046-BCFE-4A7899E88EA3}.Release|Any CPU.Build.0 = Release|Any CPU
		{716C970D-9614-4265-AC92-57E8B227B98E}.Debug|Any CPU.ActiveCfg = Debug|Any CPU
		{716C970D-9614-4265-AC92-57E8B227B98E}.Debug|Any CPU.Build.0 = Debug|Any CPU
		{716C970D-9614-4265-AC92-57E8B227B98E}.Release|Any CPU.ActiveCfg = Release|Any CPU
		{716C970D-9614-4265-AC92-57E8B227B98E}.Release|Any CPU.Build.0 = Release|Any CPU
		{A2D23427-9278-4D52-B31F-759212252832}.Debug|Any CPU.ActiveCfg = Debug|Any CPU
		{A2D23427-9278-4D52-B31F-759212252832}.Debug|Any CPU.Build.0 = Debug|Any CPU
		{A2D23427-9278-4D52-B31F-759212252832}.Release|Any CPU.ActiveCfg = Release|Any CPU
		{A2D23427-9278-4D52-B31F-759212252832}.Release|Any CPU.Build.0 = Release|Any CPU
		{D067D82E-D515-44D1-A832-C79F29418DFC}.Debug|Any CPU.ActiveCfg = Debug|Any CPU
		{D067D82E-D515-44D1-A832-C79F29418DFC}.Debug|Any CPU.Build.0 = Debug|Any CPU
		{D067D82E-D515-44D1-A832-C79F29418DFC}.Release|Any CPU.ActiveCfg = Release|Any CPU
		{D067D82E-D515-44D1-A832-C79F29418DFC}.Release|Any CPU.Build.0 = Release|Any CPU
		{D68B56AC-98DD-4DA7-B4F8-1243538A8A5C}.Debug|Any CPU.ActiveCfg = Debug|Any CPU
		{D68B56AC-98DD-4DA7-B4F8-1243538A8A5C}.Debug|Any CPU.Build.0 = Debug|Any CPU
		{D68B56AC-98DD-4DA7-B4F8-1243538A8A5C}.Release|Any CPU.ActiveCfg = Release|Any CPU
		{D68B56AC-98DD-4DA7-B4F8-1243538A8A5C}.Release|Any CPU.Build.0 = Release|Any CPU
		{EC5E6B2C-2494-40E8-8682-080BA580DDA7}.Debug|Any CPU.ActiveCfg = Debug|Any CPU
		{EC5E6B2C-2494-40E8-8682-080BA580DDA7}.Debug|Any CPU.Build.0 = Debug|Any CPU
		{EC5E6B2C-2494-40E8-8682-080BA580DDA7}.Release|Any CPU.ActiveCfg = Release|Any CPU
		{EC5E6B2C-2494-40E8-8682-080BA580DDA7}.Release|Any CPU.Build.0 = Release|Any CPU
		{4C513AFC-BA7B-471D-B8F6-268E7AD2074C}.Debug|Any CPU.ActiveCfg = Debug|Any CPU
		{4C513AFC-BA7B-471D-B8F6-268E7AD2074C}.Debug|Any CPU.Build.0 = Debug|Any CPU
		{4C513AFC-BA7B-471D-B8F6-268E7AD2074C}.Release|Any CPU.ActiveCfg = Release|Any CPU
		{4C513AFC-BA7B-471D-B8F6-268E7AD2074C}.Release|Any CPU.Build.0 = Release|Any CPU
		{A4375529-E855-4D46-AA4F-B3FE630C3DE1}.Debug|Any CPU.ActiveCfg = Debug|Any CPU
		{A4375529-E855-4D46-AA4F-B3FE630C3DE1}.Debug|Any CPU.Build.0 = Debug|Any CPU
		{A4375529-E855-4D46-AA4F-B3FE630C3DE1}.Release|Any CPU.ActiveCfg = Release|Any CPU
		{A4375529-E855-4D46-AA4F-B3FE630C3DE1}.Release|Any CPU.Build.0 = Release|Any CPU
		{F48F201A-4DEE-4D5B-9C0B-59490FE942FA}.Debug|Any CPU.ActiveCfg = Debug|Any CPU
		{F48F201A-4DEE-4D5B-9C0B-59490FE942FA}.Debug|Any CPU.Build.0 = Debug|Any CPU
		{F48F201A-4DEE-4D5B-9C0B-59490FE942FA}.Release|Any CPU.ActiveCfg = Release|Any CPU
		{F48F201A-4DEE-4D5B-9C0B-59490FE942FA}.Release|Any CPU.Build.0 = Release|Any CPU
		{D7D60BA0-FF7F-4B37-815C-74D487C5176E}.Debug|Any CPU.ActiveCfg = Debug|Any CPU
		{D7D60BA0-FF7F-4B37-815C-74D487C5176E}.Debug|Any CPU.Build.0 = Debug|Any CPU
		{D7D60BA0-FF7F-4B37-815C-74D487C5176E}.Release|Any CPU.ActiveCfg = Release|Any CPU
		{D7D60BA0-FF7F-4B37-815C-74D487C5176E}.Release|Any CPU.Build.0 = Release|Any CPU
		{9F7C4F38-D598-42D9-A9F8-962490483B18}.Debug|Any CPU.ActiveCfg = Debug|Any CPU
		{9F7C4F38-D598-42D9-A9F8-962490483B18}.Debug|Any CPU.Build.0 = Debug|Any CPU
		{9F7C4F38-D598-42D9-A9F8-962490483B18}.Release|Any CPU.ActiveCfg = Release|Any CPU
		{9F7C4F38-D598-42D9-A9F8-962490483B18}.Release|Any CPU.Build.0 = Release|Any CPU
		{1C6F5EE0-21EB-4BC8-9042-0A65E25E55AF}.Debug|Any CPU.ActiveCfg = Debug|Any CPU
		{1C6F5EE0-21EB-4BC8-9042-0A65E25E55AF}.Debug|Any CPU.Build.0 = Debug|Any CPU
		{1C6F5EE0-21EB-4BC8-9042-0A65E25E55AF}.Release|Any CPU.ActiveCfg = Release|Any CPU
		{1C6F5EE0-21EB-4BC8-9042-0A65E25E55AF}.Release|Any CPU.Build.0 = Release|Any CPU
		{16E6180B-71FE-4461-BAB0-ADB5F25510D3}.Debug|Any CPU.ActiveCfg = Debug|Any CPU
		{16E6180B-71FE-4461-BAB0-ADB5F25510D3}.Debug|Any CPU.Build.0 = Debug|Any CPU
		{16E6180B-71FE-4461-BAB0-ADB5F25510D3}.Release|Any CPU.ActiveCfg = Release|Any CPU
		{16E6180B-71FE-4461-BAB0-ADB5F25510D3}.Release|Any CPU.Build.0 = Release|Any CPU
		{ED20C29C-2A70-4E2F-A413-913EE7BA1AD7}.Debug|Any CPU.ActiveCfg = Debug|Any CPU
		{ED20C29C-2A70-4E2F-A413-913EE7BA1AD7}.Debug|Any CPU.Build.0 = Debug|Any CPU
		{ED20C29C-2A70-4E2F-A413-913EE7BA1AD7}.Release|Any CPU.ActiveCfg = Release|Any CPU
		{ED20C29C-2A70-4E2F-A413-913EE7BA1AD7}.Release|Any CPU.Build.0 = Release|Any CPU
		{09D16E5A-05A9-4BA6-834C-656AB97E01F7}.Debug|Any CPU.ActiveCfg = Debug|Any CPU
		{09D16E5A-05A9-4BA6-834C-656AB97E01F7}.Debug|Any CPU.Build.0 = Debug|Any CPU
		{09D16E5A-05A9-4BA6-834C-656AB97E01F7}.Release|Any CPU.ActiveCfg = Release|Any CPU
		{09D16E5A-05A9-4BA6-834C-656AB97E01F7}.Release|Any CPU.Build.0 = Release|Any CPU
		{295E3622-BF19-48B5-8FA3-1AE0DF532C08}.Debug|Any CPU.ActiveCfg = Debug|Any CPU
		{295E3622-BF19-48B5-8FA3-1AE0DF532C08}.Debug|Any CPU.Build.0 = Debug|Any CPU
		{295E3622-BF19-48B5-8FA3-1AE0DF532C08}.Release|Any CPU.ActiveCfg = Release|Any CPU
		{295E3622-BF19-48B5-8FA3-1AE0DF532C08}.Release|Any CPU.Build.0 = Release|Any CPU
	EndGlobalSection
	GlobalSection(SolutionProperties) = preSolution
		HideSolutionNode = FALSE
	EndGlobalSection
	GlobalSection(NestedProjects) = preSolution
		{284366CB-C68F-473E-908A-50A382616AE0} = {26A0B557-53FB-4B9A-94C4-BCCF1BDCB0CC}
		{FFFACD28-C300-4046-BCFE-4A7899E88EA3} = {26A0B557-53FB-4B9A-94C4-BCCF1BDCB0CC}
		{716C970D-9614-4265-AC92-57E8B227B98E} = {26A0B557-53FB-4B9A-94C4-BCCF1BDCB0CC}
		{A2D23427-9278-4D52-B31F-759212252832} = {26A0B557-53FB-4B9A-94C4-BCCF1BDCB0CC}
		{D067D82E-D515-44D1-A832-C79F29418DFC} = {26A0B557-53FB-4B9A-94C4-BCCF1BDCB0CC}
		{D68B56AC-98DD-4DA7-B4F8-1243538A8A5C} = {26A0B557-53FB-4B9A-94C4-BCCF1BDCB0CC}
		{EC5E6B2C-2494-40E8-8682-080BA580DDA7} = {26A0B557-53FB-4B9A-94C4-BCCF1BDCB0CC}
		{4C513AFC-BA7B-471D-B8F6-268E7AD2074C} = {26A0B557-53FB-4B9A-94C4-BCCF1BDCB0CC}
		{A4375529-E855-4D46-AA4F-B3FE630C3DE1} = {26A0B557-53FB-4B9A-94C4-BCCF1BDCB0CC}
		{F48F201A-4DEE-4D5B-9C0B-59490FE942FA} = {26A0B557-53FB-4B9A-94C4-BCCF1BDCB0CC}
		{D7D60BA0-FF7F-4B37-815C-74D487C5176E} = {26A0B557-53FB-4B9A-94C4-BCCF1BDCB0CC}
		{9F7C4F38-D598-42D9-A9F8-962490483B18} = {26A0B557-53FB-4B9A-94C4-BCCF1BDCB0CC}
		{1C6F5EE0-21EB-4BC8-9042-0A65E25E55AF} = {0A12E9F0-9D23-4776-8E96-B4CC22713D6A}
		{16E6180B-71FE-4461-BAB0-ADB5F25510D3} = {0A12E9F0-9D23-4776-8E96-B4CC22713D6A}
		{ED20C29C-2A70-4E2F-A413-913EE7BA1AD7} = {0A12E9F0-9D23-4776-8E96-B4CC22713D6A}
		{09D16E5A-05A9-4BA6-834C-656AB97E01F7} = {0A12E9F0-9D23-4776-8E96-B4CC22713D6A}
		{295E3622-BF19-48B5-8FA3-1AE0DF532C08} = {06912F97-88CD-4EA4-B9FA-C0815E60FEBD}
	EndGlobalSection
	GlobalSection(ExtensibilityGlobals) = postSolution
		SolutionGuid = {1423C027-2C90-417F-8629-2A4CF107C055}
	EndGlobalSection
EndGlobal
