
Microsoft Visual Studio Solution File, Format Version 12.00
# Visual Studio 15
VisualStudioVersion = 15.0.26124.0
MinimumVisualStudioVersion = 15.0.26124.0
Project("{2150E333-8FDC-42A3-9474-1A3956D46DE8}") = "src", "src", "{ADB7455C-AE0B-4E5E-ACCC-EB870EFBC822}"
EndProject
Project("{FAE04EC0-301F-11D3-BF4B-00C04F79EFBC}") = "BaGet", "src\BaGet\BaGet.csproj", "{58EC8388-D0EE-4DC2-9155-F4674D3724A1}"
EndProject
Project("{FAE04EC0-301F-11D3-BF4B-00C04F79EFBC}") = "BaGet.Azure", "src\BaGet.Azure\BaGet.Azure.csproj", "{9420C32C-0C3B-496B-ABFA-C3526468FD82}"
EndProject
Project("{FAE04EC0-301F-11D3-BF4B-00C04F79EFBC}") = "BaGet.Core", "src\BaGet.Core\BaGet.Core.csproj", "{796D21EC-0F07-4F7C-91E6-BBD52EDF0617}"
EndProject
Project("{FAE04EC0-301F-11D3-BF4B-00C04F79EFBC}") = "BaGet.Tools.AzureSearchImporter", "src\BaGet.Tools.AzureSearchImporter\BaGet.Tools.AzureSearchImporter.csproj", "{F70949E7-B2C0-4B93-AB22-5E03E2D7B0DC}"
EndProject
Project("{FAE04EC0-301F-11D3-BF4B-00C04F79EFBC}") = "BaGet.Web", "src\BaGet.Web\BaGet.Web.csproj", "{3373222B-24DD-412D-A3B4-A774B474F2E4}"
EndProject
Project("{2150E333-8FDC-42A3-9474-1A3956D46DE8}") = "tests", "tests", "{29C987E9-6646-4E7D-997C-001D2F898459}"
EndProject
Project("{FAE04EC0-301F-11D3-BF4B-00C04F79EFBC}") = "BaGet.Core.Tests", "tests\BaGet.Core.Tests\BaGet.Core.Tests.csproj", "{B64E87D6-0B51-49D6-9789-85199F691288}"
EndProject
Project("{FAE04EC0-301F-11D3-BF4B-00C04F79EFBC}") = "BaGet.Tests", "tests\BaGet.Tests\BaGet.Tests.csproj", "{A12BF29E-4678-42FB-914D-B0B51DEE3771}"
EndProject
Global
	GlobalSection(SolutionConfigurationPlatforms) = preSolution
		Debug|Any CPU = Debug|Any CPU
		Debug|x64 = Debug|x64
		Debug|x86 = Debug|x86
		Release|Any CPU = Release|Any CPU
		Release|x64 = Release|x64
		Release|x86 = Release|x86
	EndGlobalSection
	GlobalSection(SolutionProperties) = preSolution
		HideSolutionNode = FALSE
	EndGlobalSection
	GlobalSection(ProjectConfigurationPlatforms) = postSolution
		{58EC8388-D0EE-4DC2-9155-F4674D3724A1}.Debug|Any CPU.ActiveCfg = Debug|Any CPU
		{58EC8388-D0EE-4DC2-9155-F4674D3724A1}.Debug|Any CPU.Build.0 = Debug|Any CPU
		{58EC8388-D0EE-4DC2-9155-F4674D3724A1}.Debug|x64.ActiveCfg = Debug|Any CPU
		{58EC8388-D0EE-4DC2-9155-F4674D3724A1}.Debug|x64.Build.0 = Debug|Any CPU
		{58EC8388-D0EE-4DC2-9155-F4674D3724A1}.Debug|x86.ActiveCfg = Debug|Any CPU
		{58EC8388-D0EE-4DC2-9155-F4674D3724A1}.Debug|x86.Build.0 = Debug|Any CPU
		{58EC8388-D0EE-4DC2-9155-F4674D3724A1}.Release|Any CPU.ActiveCfg = Release|Any CPU
		{58EC8388-D0EE-4DC2-9155-F4674D3724A1}.Release|Any CPU.Build.0 = Release|Any CPU
		{58EC8388-D0EE-4DC2-9155-F4674D3724A1}.Release|x64.ActiveCfg = Release|Any CPU
		{58EC8388-D0EE-4DC2-9155-F4674D3724A1}.Release|x64.Build.0 = Release|Any CPU
		{58EC8388-D0EE-4DC2-9155-F4674D3724A1}.Release|x86.ActiveCfg = Release|Any CPU
		{58EC8388-D0EE-4DC2-9155-F4674D3724A1}.Release|x86.Build.0 = Release|Any CPU
		{9420C32C-0C3B-496B-ABFA-C3526468FD82}.Debug|Any CPU.ActiveCfg = Debug|Any CPU
		{9420C32C-0C3B-496B-ABFA-C3526468FD82}.Debug|Any CPU.Build.0 = Debug|Any CPU
		{9420C32C-0C3B-496B-ABFA-C3526468FD82}.Debug|x64.ActiveCfg = Debug|Any CPU
		{9420C32C-0C3B-496B-ABFA-C3526468FD82}.Debug|x64.Build.0 = Debug|Any CPU
		{9420C32C-0C3B-496B-ABFA-C3526468FD82}.Debug|x86.ActiveCfg = Debug|Any CPU
		{9420C32C-0C3B-496B-ABFA-C3526468FD82}.Debug|x86.Build.0 = Debug|Any CPU
		{9420C32C-0C3B-496B-ABFA-C3526468FD82}.Release|Any CPU.ActiveCfg = Release|Any CPU
		{9420C32C-0C3B-496B-ABFA-C3526468FD82}.Release|Any CPU.Build.0 = Release|Any CPU
		{9420C32C-0C3B-496B-ABFA-C3526468FD82}.Release|x64.ActiveCfg = Release|Any CPU
		{9420C32C-0C3B-496B-ABFA-C3526468FD82}.Release|x64.Build.0 = Release|Any CPU
		{9420C32C-0C3B-496B-ABFA-C3526468FD82}.Release|x86.ActiveCfg = Release|Any CPU
		{9420C32C-0C3B-496B-ABFA-C3526468FD82}.Release|x86.Build.0 = Release|Any CPU
		{796D21EC-0F07-4F7C-91E6-BBD52EDF0617}.Debug|Any CPU.ActiveCfg = Debug|Any CPU
		{796D21EC-0F07-4F7C-91E6-BBD52EDF0617}.Debug|Any CPU.Build.0 = Debug|Any CPU
		{796D21EC-0F07-4F7C-91E6-BBD52EDF0617}.Debug|x64.ActiveCfg = Debug|Any CPU
		{796D21EC-0F07-4F7C-91E6-BBD52EDF0617}.Debug|x64.Build.0 = Debug|Any CPU
		{796D21EC-0F07-4F7C-91E6-BBD52EDF0617}.Debug|x86.ActiveCfg = Debug|Any CPU
		{796D21EC-0F07-4F7C-91E6-BBD52EDF0617}.Debug|x86.Build.0 = Debug|Any CPU
		{796D21EC-0F07-4F7C-91E6-BBD52EDF0617}.Release|Any CPU.ActiveCfg = Release|Any CPU
		{796D21EC-0F07-4F7C-91E6-BBD52EDF0617}.Release|Any CPU.Build.0 = Release|Any CPU
		{796D21EC-0F07-4F7C-91E6-BBD52EDF0617}.Release|x64.ActiveCfg = Release|Any CPU
		{796D21EC-0F07-4F7C-91E6-BBD52EDF0617}.Release|x64.Build.0 = Release|Any CPU
		{796D21EC-0F07-4F7C-91E6-BBD52EDF0617}.Release|x86.ActiveCfg = Release|Any CPU
		{796D21EC-0F07-4F7C-91E6-BBD52EDF0617}.Release|x86.Build.0 = Release|Any CPU
		{F70949E7-B2C0-4B93-AB22-5E03E2D7B0DC}.Debug|Any CPU.ActiveCfg = Debug|Any CPU
		{F70949E7-B2C0-4B93-AB22-5E03E2D7B0DC}.Debug|Any CPU.Build.0 = Debug|Any CPU
		{F70949E7-B2C0-4B93-AB22-5E03E2D7B0DC}.Debug|x64.ActiveCfg = Debug|Any CPU
		{F70949E7-B2C0-4B93-AB22-5E03E2D7B0DC}.Debug|x64.Build.0 = Debug|Any CPU
		{F70949E7-B2C0-4B93-AB22-5E03E2D7B0DC}.Debug|x86.ActiveCfg = Debug|Any CPU
		{F70949E7-B2C0-4B93-AB22-5E03E2D7B0DC}.Debug|x86.Build.0 = Debug|Any CPU
		{F70949E7-B2C0-4B93-AB22-5E03E2D7B0DC}.Release|Any CPU.ActiveCfg = Release|Any CPU
		{F70949E7-B2C0-4B93-AB22-5E03E2D7B0DC}.Release|Any CPU.Build.0 = Release|Any CPU
		{F70949E7-B2C0-4B93-AB22-5E03E2D7B0DC}.Release|x64.ActiveCfg = Release|Any CPU
		{F70949E7-B2C0-4B93-AB22-5E03E2D7B0DC}.Release|x64.Build.0 = Release|Any CPU
		{F70949E7-B2C0-4B93-AB22-5E03E2D7B0DC}.Release|x86.ActiveCfg = Release|Any CPU
		{F70949E7-B2C0-4B93-AB22-5E03E2D7B0DC}.Release|x86.Build.0 = Release|Any CPU
		{3373222B-24DD-412D-A3B4-A774B474F2E4}.Debug|Any CPU.ActiveCfg = Debug|Any CPU
		{3373222B-24DD-412D-A3B4-A774B474F2E4}.Debug|Any CPU.Build.0 = Debug|Any CPU
		{3373222B-24DD-412D-A3B4-A774B474F2E4}.Debug|x64.ActiveCfg = Debug|Any CPU
		{3373222B-24DD-412D-A3B4-A774B474F2E4}.Debug|x64.Build.0 = Debug|Any CPU
		{3373222B-24DD-412D-A3B4-A774B474F2E4}.Debug|x86.ActiveCfg = Debug|Any CPU
		{3373222B-24DD-412D-A3B4-A774B474F2E4}.Debug|x86.Build.0 = Debug|Any CPU
		{3373222B-24DD-412D-A3B4-A774B474F2E4}.Release|Any CPU.ActiveCfg = Release|Any CPU
		{3373222B-24DD-412D-A3B4-A774B474F2E4}.Release|Any CPU.Build.0 = Release|Any CPU
		{3373222B-24DD-412D-A3B4-A774B474F2E4}.Release|x64.ActiveCfg = Release|Any CPU
		{3373222B-24DD-412D-A3B4-A774B474F2E4}.Release|x64.Build.0 = Release|Any CPU
		{3373222B-24DD-412D-A3B4-A774B474F2E4}.Release|x86.ActiveCfg = Release|Any CPU
		{3373222B-24DD-412D-A3B4-A774B474F2E4}.Release|x86.Build.0 = Release|Any CPU
		{B64E87D6-0B51-49D6-9789-85199F691288}.Debug|Any CPU.ActiveCfg = Debug|Any CPU
		{B64E87D6-0B51-49D6-9789-85199F691288}.Debug|Any CPU.Build.0 = Debug|Any CPU
		{B64E87D6-0B51-49D6-9789-85199F691288}.Debug|x64.ActiveCfg = Debug|Any CPU
		{B64E87D6-0B51-49D6-9789-85199F691288}.Debug|x64.Build.0 = Debug|Any CPU
		{B64E87D6-0B51-49D6-9789-85199F691288}.Debug|x86.ActiveCfg = Debug|Any CPU
		{B64E87D6-0B51-49D6-9789-85199F691288}.Debug|x86.Build.0 = Debug|Any CPU
		{B64E87D6-0B51-49D6-9789-85199F691288}.Release|Any CPU.ActiveCfg = Release|Any CPU
		{B64E87D6-0B51-49D6-9789-85199F691288}.Release|Any CPU.Build.0 = Release|Any CPU
		{B64E87D6-0B51-49D6-9789-85199F691288}.Release|x64.ActiveCfg = Release|Any CPU
		{B64E87D6-0B51-49D6-9789-85199F691288}.Release|x64.Build.0 = Release|Any CPU
		{B64E87D6-0B51-49D6-9789-85199F691288}.Release|x86.ActiveCfg = Release|Any CPU
		{B64E87D6-0B51-49D6-9789-85199F691288}.Release|x86.Build.0 = Release|Any CPU
		{A12BF29E-4678-42FB-914D-B0B51DEE3771}.Debug|Any CPU.ActiveCfg = Debug|Any CPU
		{A12BF29E-4678-42FB-914D-B0B51DEE3771}.Debug|Any CPU.Build.0 = Debug|Any CPU
		{A12BF29E-4678-42FB-914D-B0B51DEE3771}.Debug|x64.ActiveCfg = Debug|Any CPU
		{A12BF29E-4678-42FB-914D-B0B51DEE3771}.Debug|x64.Build.0 = Debug|Any CPU
		{A12BF29E-4678-42FB-914D-B0B51DEE3771}.Debug|x86.ActiveCfg = Debug|Any CPU
		{A12BF29E-4678-42FB-914D-B0B51DEE3771}.Debug|x86.Build.0 = Debug|Any CPU
		{A12BF29E-4678-42FB-914D-B0B51DEE3771}.Release|Any CPU.ActiveCfg = Release|Any CPU
		{A12BF29E-4678-42FB-914D-B0B51DEE3771}.Release|Any CPU.Build.0 = Release|Any CPU
		{A12BF29E-4678-42FB-914D-B0B51DEE3771}.Release|x64.ActiveCfg = Release|Any CPU
		{A12BF29E-4678-42FB-914D-B0B51DEE3771}.Release|x64.Build.0 = Release|Any CPU
		{A12BF29E-4678-42FB-914D-B0B51DEE3771}.Release|x86.ActiveCfg = Release|Any CPU
		{A12BF29E-4678-42FB-914D-B0B51DEE3771}.Release|x86.Build.0 = Release|Any CPU
	EndGlobalSection
	GlobalSection(NestedProjects) = preSolution
		{58EC8388-D0EE-4DC2-9155-F4674D3724A1} = {ADB7455C-AE0B-4E5E-ACCC-EB870EFBC822}
		{9420C32C-0C3B-496B-ABFA-C3526468FD82} = {ADB7455C-AE0B-4E5E-ACCC-EB870EFBC822}
		{796D21EC-0F07-4F7C-91E6-BBD52EDF0617} = {ADB7455C-AE0B-4E5E-ACCC-EB870EFBC822}
		{F70949E7-B2C0-4B93-AB22-5E03E2D7B0DC} = {ADB7455C-AE0B-4E5E-ACCC-EB870EFBC822}
		{3373222B-24DD-412D-A3B4-A774B474F2E4} = {ADB7455C-AE0B-4E5E-ACCC-EB870EFBC822}
		{B64E87D6-0B51-49D6-9789-85199F691288} = {29C987E9-6646-4E7D-997C-001D2F898459}
		{A12BF29E-4678-42FB-914D-B0B51DEE3771} = {29C987E9-6646-4E7D-997C-001D2F898459}
	EndGlobalSection
EndGlobal
